<?xml version="1.0" encoding="utf-8"?>
<Project ToolsVersion="12.0" xmlns="http://schemas.microsoft.com/developer/msbuild/2003">
  <ItemGroup>
    <Filter Include="Resource Files">
      <UniqueIdentifier>5bdb260e-7886-4c63-8e1a-f2a4b94dea2e</UniqueIdentifier>
      <Extensions>rc;ico;cur;bmp;dlg;rc2;rct;bin;rgs;gif;jpg;jpeg;jpe;resx;tga;tiff;tif;png;wav;mfcribbon-ms</Extensions>
    </Filter>
    <Filter Include="Package">
      <UniqueIdentifier>87d33dcc-d75e-4367-9e5e-1634ac5331b1</UniqueIdentifier>
      <Extensions>appxmanifest;tile;settings</Extensions>
    </Filter>
    <Filter Include="Tests">
      <UniqueIdentifier>76a9719b-1550-4154-9a64-3ad61e2207e4</UniqueIdentifier>
      <Extensions>cpp;c;cc;cxx;def;odl;idl;hpj;bat;asm;asmx</Extensions>
    </Filter>
    <Filter Include="Common">
      <UniqueIdentifier>0fa38aac-4585-4ca7-a20a-e7e33c94fbcb</UniqueIdentifier>
      <Extensions>h;hpp;hxx;hm;inl;inc;xsd</Extensions>
    </Filter>
  </ItemGroup>
  <ItemGroup>
    <ClInclude Include="..\Common\utils.h">
      <Filter>Common</Filter>
    </ClInclude>
    <ClInclude Include="..\Common\execution_policy_utils.h">
      <Filter>Common</Filter>
    </ClInclude>
    <ClInclude Include="..\Common\stdafx.h">
      <Filter>Common</Filter>
    </ClInclude>
  </ItemGroup>
  <ItemGroup>
    <ClCompile Include="..\foreach.cpp">
      <Filter>Tests</Filter>
    </ClCompile>
    <ClCompile Include="..\copy.cpp">
      <Filter>Tests</Filter>
    </ClCompile>
    <ClCompile Include="..\count.cpp">
      <Filter>Tests</Filter>
    </ClCompile>
    <ClCompile Include="..\equal.cpp">
      <Filter>Tests</Filter>
    </ClCompile>
    <ClCompile Include="..\exception_list.cpp">
      <Filter>Tests</Filter>
    </ClCompile>
    <ClCompile Include="..\execution_policy.cpp">
      <Filter>Tests</Filter>
    </ClCompile>
    <ClCompile Include="..\generic.cpp">
      <Filter>Tests</Filter>
    </ClCompile>
    <ClCompile Include="..\is_sorted.cpp">
      <Filter>Tests</Filter>
    </ClCompile>
    <ClCompile Include="..\module.cpp">
      <Filter>Common</Filter>
    </ClCompile>
    <ClCompile Include="..\Common\stdafx.cpp">
      <Filter>Common</Filter>
    </ClCompile>
    <ClCompile Include="..\all_any_none_of.cpp">
      <Filter>Tests</Filter>
    </ClCompile>
    <ClCompile Include="..\fill.cpp">
      <Filter>Tests</Filter>
    </ClCompile>
    <ClCompile Include="..\generate.cpp">
      <Filter>Tests</Filter>
    </ClCompile>
    <ClCompile Include="..\replace.cpp">
      <Filter>Tests</Filter>
    </ClCompile>
    <ClCompile Include="..\reverse.cpp">
      <Filter>Tests</Filter>
    </ClCompile>
    <ClCompile Include="..\rotate.cpp">
      <Filter>Tests</Filter>
    </ClCompile>
    <ClCompile Include="..\swap_ranges.cpp">
      <Filter>Tests</Filter>
    </ClCompile>
    <ClCompile Include="..\transform.cpp">
      <Filter>Tests</Filter>
    </ClCompile>
    <ClCompile Include="..\search.cpp">
      <Filter>Tests</Filter>
    </ClCompile>
    <ClCompile Include="..\find.cpp">
      <Filter>Tests</Filter>
    </ClCompile>
    <ClCompile Include="..\is_partitioned.cpp">
      <Filter>Tests</Filter>
    </ClCompile>
    <ClCompile Include="..\reduce.cpp">
      <Filter>Tests</Filter>
    </ClCompile>
    <ClCompile Include="..\lexicographical_compare.cpp">
      <Filter>Tests</Filter>
    </ClCompile>
    <ClCompile Include="..\mismatch.cpp">
      <Filter>Tests</Filter>
    </ClCompile>
    <ClCompile Include="..\minmax_element.cpp">
      <Filter>Tests</Filter>
    </ClCompile>
    <ClCompile Include="..\adjacent_find.cpp">
      <Filter>Tests</Filter>
    </ClCompile>
    <ClCompile Include="..\set_operations.cpp">
      <Filter>Tests</Filter>
    </ClCompile>
    <ClCompile Include="..\partition.cpp">
      <Filter>Tests</Filter>
    </ClCompile>
    <ClCompile Include="..\taskgrouptest.cpp">
      <Filter>Tests</Filter>
    </ClCompile>
    <ClCompile Include="..\merge.cpp">
      <Filter>Tests</Filter>
    </ClCompile>
    <ClCompile Include="..\sort.cpp">
      <Filter>Tests</Filter>
    </ClCompile>
    <ClCompile Include="..\scan.cpp">
      <Filter>Tests</Filter>
    </ClCompile>
    <ClCompile Include="..\nth_element.cpp">
      <Filter>Tests</Filter>
    </ClCompile>
    <ClCompile Include="..\remove.cpp">
      <Filter>Tests</Filter>
    </ClCompile>
    <ClCompile Include="..\unique.cpp">
      <Filter>Tests</Filter>
    </ClCompile>
  </ItemGroup>
  <ItemGroup>
    <Image Include="Images\UnitTestLogo.scale-100.png">
      <Filter>Resource Files</Filter>
    </Image>
    <Image Include="Images\UnitTestSmallLogo.scale-100.png">
      <Filter>Resource Files</Filter>
    </Image>
    <Image Include="Images\UnitTestSplashScreen.scale-100.png">
      <Filter>Resource Files</Filter>
    </Image>
    <Image Include="Images\UnitTestStoreLogo.scale-100.png">
      <Filter>Resource Files</Filter>
    </Image>
  </ItemGroup>
  <ItemGroup>
    <AppxManifest Include="Package.appxmanifest">
      <Filter>Package</Filter>
    </AppxManifest>
  </ItemGroup>
  <ItemGroup>
    <None Include="ParallelSTL_App_Tests_TemporaryKey.pfx" />
  </ItemGroup>
</Project>