
Microsoft Visual Studio Solution File, Format Version 12.00
# Visual Studio 2013
VisualStudioVersion = 12.0.30723.0
MinimumVisualStudioVersion = 10.0.40219.1
Project("{8BC9CEB8-8B4A-11D0-8D11-00A0C91BC942}") = "ParallelSTL_Tests", "Test\Desktop\ParallelSTL_Tests.vcxproj", "{EE3E0736-E09A-4BE3-BEB2-D6EE4C83C14B}"
	ProjectSection(ProjectDependencies) = postProject
		{A15E2DCA-A15A-4477-BEBD-567A8DE68360} = {A15E2DCA-A15A-4477-BEBD-567A8DE68360}
	EndProjectSection
EndProject
Project("{8BC9CEB8-8B4A-11D0-8D11-00A0C91BC942}") = "ParallelSTL_App_Tests", "Test\App\ParallelSTL_App_Tests.vcxproj", "{76A9719B-1550-4154-9A64-3AD61E2207E4}"
	ProjectSection(ProjectDependencies) = postProject
		{C9AE21F9-E058-4EFA-AF3D-91D552B43CD8} = {C9AE21F9-E058-4EFA-AF3D-91D552B43CD8}
	EndProjectSection
EndProject
Project("{8BC9CEB8-8B4A-11D0-8D11-00A0C91BC942}") = "ParallelSTLDesktop", "Build\ParallelSTLDesktop\ParallelSTLDesktop.vcxproj", "{A15E2DCA-A15A-4477-BEBD-567A8DE68360}"
EndProject
Project("{8BC9CEB8-8B4A-11D0-8D11-00A0C91BC942}") = "ParallelSTLApp", "Build\ParallelSTLApp\ParallelSTLApp.vcxproj", "{C9AE21F9-E058-4EFA-AF3D-91D552B43CD8}"
EndProject
Project("{8BC9CEB8-8B4A-11D0-8D11-00A0C91BC942}") = "Sort_Sample", "Sort_Sample\Sort_Sample.vcxproj", "{97F91E77-EDE5-416C-9ADD-F8260C72DD5D}"
	ProjectSection(ProjectDependencies) = postProject
		{A15E2DCA-A15A-4477-BEBD-567A8DE68360} = {A15E2DCA-A15A-4477-BEBD-567A8DE68360}
	EndProjectSection
EndProject
Project("{8BC9CEB8-8B4A-11D0-8D11-00A0C91BC942}") = "MatrixMul_Sample", "MatrixMul_Sample\MatrixMul_Sample.vcxproj", "{5845DBB6-241E-4B00-B5B9-E811BEE50ED3}"
EndProject
Project("{262852C6-CD72-467D-83FE-5EEB1973A190}") = "ImageCartoonizerGUI_Sample", "ImageCartoonizerGUI_Sample\ImageCartoonizerGUI_Sample.jsproj", "{CCA03728-4FF6-4286-9ACE-E3FDE7BA8EA5}"
EndProject
Project("{8BC9CEB8-8B4A-11D0-8D11-00A0C91BC942}") = "ImageCartoonizerServer_Sample", "ImageCartoonizerServer_Sample\ImageCartoonizerServer.vcxproj", "{E3EFDACF-EB16-465D-B172-571DBCDB6925}"
EndProject
Global
	GlobalSection(TeamFoundationVersionControl) = preSolution
		SccNumberOfProjects = 9
		SccEnterpriseProvider = {4CA58AB2-18FA-4F8D-95D4-32DDF27D184C}
		SccTeamFoundationServer = http://vstfdevdiv.redmond.corp.microsoft.com:8080/devdiv2
		SccLocalPath0 = .
		SccProjectUniqueName1 = ImageCartoonizerGUI_Sample\\ImageCartoonizerGUI_Sample.jsproj
		SccProjectName1 = ImageCartoonizerGUI_Sample
		SccLocalPath1 = ImageCartoonizerGUI_Sample
		SccProjectUniqueName2 = Build\\ParallelSTLApp\\ParallelSTLApp.vcxproj
		SccProjectName2 = Build/ParallelSTLApp
		SccLocalPath2 = Build\\ParallelSTLApp
		SccProjectUniqueName3 = ImageCartoonizerServer_Sample\\ImageCartoonizerServer.vcxproj
		SccProjectName3 = ImageCartoonizerServer_Sample
		SccLocalPath3 = ImageCartoonizerServer_Sample
		SccProjectUniqueName4 = Build\\ParallelSTLDesktop\\ParallelSTLDesktop.vcxproj
		SccProjectName4 = Build/ParallelSTLDesktop
		SccLocalPath4 = Build\\ParallelSTLDesktop
		SccProjectUniqueName5 = Test\\Desktop\\ParallelSTL_Tests.vcxproj
		SccProjectName5 = Test/Desktop
		SccLocalPath5 = Test\\Desktop
		SccProjectUniqueName6 = Test\\App\\ParallelSTL_App_Tests.vcxproj
		SccProjectName6 = Test/App
		SccLocalPath6 = Test\\App
		SccProjectUniqueName7 = Sort_Sample\\Sort_Sample.vcxproj
		SccProjectName7 = Sort_Sample
		SccLocalPath7 = Sort_Sample
		SccProjectUniqueName8 = MatrixMul_Sample\\MatrixMul_Sample.vcxproj
		SccProjectName8 = MatrixMul_Sample
		SccLocalPath8 = MatrixMul_Sample
	EndGlobalSection
	GlobalSection(SolutionConfigurationPlatforms) = preSolution
		Debug|ARM = Debug|ARM
		Debug|Mixed Platforms = Debug|Mixed Platforms
		Debug|Win32 = Debug|Win32
		Debug|x64 = Debug|x64
		Debug|x86 = Debug|x86
		Release|ARM = Release|ARM
		Release|Mixed Platforms = Release|Mixed Platforms
		Release|Win32 = Release|Win32
		Release|x64 = Release|x64
		Release|x86 = Release|x86
	EndGlobalSection
	GlobalSection(ProjectConfigurationPlatforms) = postSolution
		{EE3E0736-E09A-4BE3-BEB2-D6EE4C83C14B}.Debug|ARM.ActiveCfg = Debug|Win32
		{EE3E0736-E09A-4BE3-BEB2-D6EE4C83C14B}.Debug|Mixed Platforms.ActiveCfg = Debug|Win32
		{EE3E0736-E09A-4BE3-BEB2-D6EE4C83C14B}.Debug|Mixed Platforms.Build.0 = Debug|Win32
		{EE3E0736-E09A-4BE3-BEB2-D6EE4C83C14B}.Debug|Win32.ActiveCfg = Debug|Win32
		{EE3E0736-E09A-4BE3-BEB2-D6EE4C83C14B}.Debug|Win32.Build.0 = Debug|Win32
		{EE3E0736-E09A-4BE3-BEB2-D6EE4C83C14B}.Debug|x64.ActiveCfg = Debug|x64
		{EE3E0736-E09A-4BE3-BEB2-D6EE4C83C14B}.Debug|x64.Build.0 = Debug|x64
		{EE3E0736-E09A-4BE3-BEB2-D6EE4C83C14B}.Debug|x86.ActiveCfg = Debug|Win32
		{EE3E0736-E09A-4BE3-BEB2-D6EE4C83C14B}.Debug|x86.Build.0 = Debug|Win32
		{EE3E0736-E09A-4BE3-BEB2-D6EE4C83C14B}.Release|ARM.ActiveCfg = Release|Win32
		{EE3E0736-E09A-4BE3-BEB2-D6EE4C83C14B}.Release|Mixed Platforms.ActiveCfg = Release|Win32
		{EE3E0736-E09A-4BE3-BEB2-D6EE4C83C14B}.Release|Mixed Platforms.Build.0 = Release|Win32
		{EE3E0736-E09A-4BE3-BEB2-D6EE4C83C14B}.Release|Win32.ActiveCfg = Release|Win32
		{EE3E0736-E09A-4BE3-BEB2-D6EE4C83C14B}.Release|Win32.Build.0 = Release|Win32
		{EE3E0736-E09A-4BE3-BEB2-D6EE4C83C14B}.Release|x64.ActiveCfg = Release|x64
		{EE3E0736-E09A-4BE3-BEB2-D6EE4C83C14B}.Release|x64.Build.0 = Release|x64
		{EE3E0736-E09A-4BE3-BEB2-D6EE4C83C14B}.Release|x86.ActiveCfg = Release|Win32
		{EE3E0736-E09A-4BE3-BEB2-D6EE4C83C14B}.Release|x86.Build.0 = Release|Win32
		{76A9719B-1550-4154-9A64-3AD61E2207E4}.Debug|ARM.ActiveCfg = Debug|ARM
		{76A9719B-1550-4154-9A64-3AD61E2207E4}.Debug|ARM.Build.0 = Debug|ARM
		{76A9719B-1550-4154-9A64-3AD61E2207E4}.Debug|ARM.Deploy.0 = Debug|ARM
		{76A9719B-1550-4154-9A64-3AD61E2207E4}.Debug|Mixed Platforms.ActiveCfg = Debug|Win32
		{76A9719B-1550-4154-9A64-3AD61E2207E4}.Debug|Mixed Platforms.Build.0 = Debug|Win32
		{76A9719B-1550-4154-9A64-3AD61E2207E4}.Debug|Mixed Platforms.Deploy.0 = Debug|Win32
		{76A9719B-1550-4154-9A64-3AD61E2207E4}.Debug|Win32.ActiveCfg = Debug|Win32
		{76A9719B-1550-4154-9A64-3AD61E2207E4}.Debug|Win32.Build.0 = Debug|Win32
		{76A9719B-1550-4154-9A64-3AD61E2207E4}.Debug|Win32.Deploy.0 = Debug|Win32
		{76A9719B-1550-4154-9A64-3AD61E2207E4}.Debug|x64.ActiveCfg = Debug|x64
		{76A9719B-1550-4154-9A64-3AD61E2207E4}.Debug|x64.Build.0 = Debug|x64
		{76A9719B-1550-4154-9A64-3AD61E2207E4}.Debug|x64.Deploy.0 = Debug|x64
		{76A9719B-1550-4154-9A64-3AD61E2207E4}.Debug|x86.ActiveCfg = Debug|Win32
		{76A9719B-1550-4154-9A64-3AD61E2207E4}.Debug|x86.Build.0 = Debug|Win32
		{76A9719B-1550-4154-9A64-3AD61E2207E4}.Debug|x86.Deploy.0 = Debug|Win32
		{76A9719B-1550-4154-9A64-3AD61E2207E4}.Release|ARM.ActiveCfg = Release|ARM
		{76A9719B-1550-4154-9A64-3AD61E2207E4}.Release|ARM.Build.0 = Release|ARM
		{76A9719B-1550-4154-9A64-3AD61E2207E4}.Release|ARM.Deploy.0 = Release|ARM
		{76A9719B-1550-4154-9A64-3AD61E2207E4}.Release|Mixed Platforms.ActiveCfg = Release|Win32
		{76A9719B-1550-4154-9A64-3AD61E2207E4}.Release|Mixed Platforms.Build.0 = Release|Win32
		{76A9719B-1550-4154-9A64-3AD61E2207E4}.Release|Mixed Platforms.Deploy.0 = Release|Win32
		{76A9719B-1550-4154-9A64-3AD61E2207E4}.Release|Win32.ActiveCfg = Release|Win32
		{76A9719B-1550-4154-9A64-3AD61E2207E4}.Release|Win32.Build.0 = Release|Win32
		{76A9719B-1550-4154-9A64-3AD61E2207E4}.Release|Win32.Deploy.0 = Release|Win32
		{76A9719B-1550-4154-9A64-3AD61E2207E4}.Release|x64.ActiveCfg = Release|x64
		{76A9719B-1550-4154-9A64-3AD61E2207E4}.Release|x64.Build.0 = Release|x64
		{76A9719B-1550-4154-9A64-3AD61E2207E4}.Release|x64.Deploy.0 = Release|x64
		{76A9719B-1550-4154-9A64-3AD61E2207E4}.Release|x86.ActiveCfg = Release|Win32
		{76A9719B-1550-4154-9A64-3AD61E2207E4}.Release|x86.Build.0 = Release|Win32
		{76A9719B-1550-4154-9A64-3AD61E2207E4}.Release|x86.Deploy.0 = Release|Win32
		{A15E2DCA-A15A-4477-BEBD-567A8DE68360}.Debug|ARM.ActiveCfg = Debug|Win32
		{A15E2DCA-A15A-4477-BEBD-567A8DE68360}.Debug|Mixed Platforms.ActiveCfg = Debug|Win32
		{A15E2DCA-A15A-4477-BEBD-567A8DE68360}.Debug|Mixed Platforms.Build.0 = Debug|Win32
		{A15E2DCA-A15A-4477-BEBD-567A8DE68360}.Debug|Win32.ActiveCfg = Debug|Win32
		{A15E2DCA-A15A-4477-BEBD-567A8DE68360}.Debug|Win32.Build.0 = Debug|Win32
		{A15E2DCA-A15A-4477-BEBD-567A8DE68360}.Debug|x64.ActiveCfg = Debug|x64
		{A15E2DCA-A15A-4477-BEBD-567A8DE68360}.Debug|x64.Build.0 = Debug|x64
		{A15E2DCA-A15A-4477-BEBD-567A8DE68360}.Debug|x86.ActiveCfg = Debug|Win32
		{A15E2DCA-A15A-4477-BEBD-567A8DE68360}.Debug|x86.Build.0 = Debug|Win32
		{A15E2DCA-A15A-4477-BEBD-567A8DE68360}.Release|ARM.ActiveCfg = Release|Win32
		{A15E2DCA-A15A-4477-BEBD-567A8DE68360}.Release|Mixed Platforms.ActiveCfg = Release|Win32
		{A15E2DCA-A15A-4477-BEBD-567A8DE68360}.Release|Mixed Platforms.Build.0 = Release|Win32
		{A15E2DCA-A15A-4477-BEBD-567A8DE68360}.Release|Win32.ActiveCfg = Release|Win32
		{A15E2DCA-A15A-4477-BEBD-567A8DE68360}.Release|Win32.Build.0 = Release|Win32
		{A15E2DCA-A15A-4477-BEBD-567A8DE68360}.Release|x64.ActiveCfg = Release|x64
		{A15E2DCA-A15A-4477-BEBD-567A8DE68360}.Release|x64.Build.0 = Release|x64
		{A15E2DCA-A15A-4477-BEBD-567A8DE68360}.Release|x86.ActiveCfg = Release|Win32
		{A15E2DCA-A15A-4477-BEBD-567A8DE68360}.Release|x86.Build.0 = Release|Win32
		{C9AE21F9-E058-4EFA-AF3D-91D552B43CD8}.Debug|ARM.ActiveCfg = Debug|ARM
		{C9AE21F9-E058-4EFA-AF3D-91D552B43CD8}.Debug|ARM.Build.0 = Debug|ARM
		{C9AE21F9-E058-4EFA-AF3D-91D552B43CD8}.Debug|Mixed Platforms.ActiveCfg = Debug|Win32
		{C9AE21F9-E058-4EFA-AF3D-91D552B43CD8}.Debug|Mixed Platforms.Build.0 = Debug|Win32
		{C9AE21F9-E058-4EFA-AF3D-91D552B43CD8}.Debug|Win32.ActiveCfg = Debug|Win32
		{C9AE21F9-E058-4EFA-AF3D-91D552B43CD8}.Debug|Win32.Build.0 = Debug|Win32
		{C9AE21F9-E058-4EFA-AF3D-91D552B43CD8}.Debug|x64.ActiveCfg = Debug|x64
		{C9AE21F9-E058-4EFA-AF3D-91D552B43CD8}.Debug|x64.Build.0 = Debug|x64
		{C9AE21F9-E058-4EFA-AF3D-91D552B43CD8}.Debug|x86.ActiveCfg = Debug|Win32
		{C9AE21F9-E058-4EFA-AF3D-91D552B43CD8}.Debug|x86.Build.0 = Debug|Win32
		{C9AE21F9-E058-4EFA-AF3D-91D552B43CD8}.Release|ARM.ActiveCfg = Release|ARM
		{C9AE21F9-E058-4EFA-AF3D-91D552B43CD8}.Release|ARM.Build.0 = Release|ARM
		{C9AE21F9-E058-4EFA-AF3D-91D552B43CD8}.Release|Mixed Platforms.ActiveCfg = Release|Win32
		{C9AE21F9-E058-4EFA-AF3D-91D552B43CD8}.Release|Mixed Platforms.Build.0 = Release|Win32
		{C9AE21F9-E058-4EFA-AF3D-91D552B43CD8}.Release|Win32.ActiveCfg = Release|Win32
		{C9AE21F9-E058-4EFA-AF3D-91D552B43CD8}.Release|Win32.Build.0 = Release|Win32
		{C9AE21F9-E058-4EFA-AF3D-91D552B43CD8}.Release|x64.ActiveCfg = Release|x64
		{C9AE21F9-E058-4EFA-AF3D-91D552B43CD8}.Release|x64.Build.0 = Release|x64
		{C9AE21F9-E058-4EFA-AF3D-91D552B43CD8}.Release|x86.ActiveCfg = Release|Win32
		{C9AE21F9-E058-4EFA-AF3D-91D552B43CD8}.Release|x86.Build.0 = Release|Win32
		{97F91E77-EDE5-416C-9ADD-F8260C72DD5D}.Debug|ARM.ActiveCfg = Debug|Win32
		{97F91E77-EDE5-416C-9ADD-F8260C72DD5D}.Debug|Mixed Platforms.ActiveCfg = Debug|Win32
		{97F91E77-EDE5-416C-9ADD-F8260C72DD5D}.Debug|Mixed Platforms.Build.0 = Debug|Win32
		{97F91E77-EDE5-416C-9ADD-F8260C72DD5D}.Debug|Win32.ActiveCfg = Debug|Win32
		{97F91E77-EDE5-416C-9ADD-F8260C72DD5D}.Debug|Win32.Build.0 = Debug|Win32
		{97F91E77-EDE5-416C-9ADD-F8260C72DD5D}.Debug|x64.ActiveCfg = Debug|x64
		{97F91E77-EDE5-416C-9ADD-F8260C72DD5D}.Debug|x64.Build.0 = Debug|x64
		{97F91E77-EDE5-416C-9ADD-F8260C72DD5D}.Debug|x86.ActiveCfg = Debug|Win32
		{97F91E77-EDE5-416C-9ADD-F8260C72DD5D}.Debug|x86.Build.0 = Debug|Win32
		{97F91E77-EDE5-416C-9ADD-F8260C72DD5D}.Release|ARM.ActiveCfg = Release|Win32
		{97F91E77-EDE5-416C-9ADD-F8260C72DD5D}.Release|Mixed Platforms.ActiveCfg = Release|Win32
		{97F91E77-EDE5-416C-9ADD-F8260C72DD5D}.Release|Mixed Platforms.Build.0 = Release|Win32
		{97F91E77-EDE5-416C-9ADD-F8260C72DD5D}.Release|Win32.ActiveCfg = Release|Win32
		{97F91E77-EDE5-416C-9ADD-F8260C72DD5D}.Release|Win32.Build.0 = Release|Win32
		{97F91E77-EDE5-416C-9ADD-F8260C72DD5D}.Release|x64.ActiveCfg = Release|x64
		{97F91E77-EDE5-416C-9ADD-F8260C72DD5D}.Release|x64.Build.0 = Release|x64
		{97F91E77-EDE5-416C-9ADD-F8260C72DD5D}.Release|x86.ActiveCfg = Release|Win32
		{97F91E77-EDE5-416C-9ADD-F8260C72DD5D}.Release|x86.Build.0 = Release|Win32
		{5845DBB6-241E-4B00-B5B9-E811BEE50ED3}.Debug|ARM.ActiveCfg = Debug|Win32
		{5845DBB6-241E-4B00-B5B9-E811BEE50ED3}.Debug|Mixed Platforms.ActiveCfg = Debug|Win32
		{5845DBB6-241E-4B00-B5B9-E811BEE50ED3}.Debug|Mixed Platforms.Build.0 = Debug|Win32
		{5845DBB6-241E-4B00-B5B9-E811BEE50ED3}.Debug|Win32.ActiveCfg = Debug|Win32
		{5845DBB6-241E-4B00-B5B9-E811BEE50ED3}.Debug|Win32.Build.0 = Debug|Win32
		{5845DBB6-241E-4B00-B5B9-E811BEE50ED3}.Debug|x64.ActiveCfg = Debug|x64
		{5845DBB6-241E-4B00-B5B9-E811BEE50ED3}.Debug|x64.Build.0 = Debug|x64
		{5845DBB6-241E-4B00-B5B9-E811BEE50ED3}.Debug|x86.ActiveCfg = Debug|Win32
		{5845DBB6-241E-4B00-B5B9-E811BEE50ED3}.Debug|x86.Build.0 = Debug|Win32
		{5845DBB6-241E-4B00-B5B9-E811BEE50ED3}.Release|ARM.ActiveCfg = Release|Win32
		{5845DBB6-241E-4B00-B5B9-E811BEE50ED3}.Release|Mixed Platforms.ActiveCfg = Release|Win32
		{5845DBB6-241E-4B00-B5B9-E811BEE50ED3}.Release|Mixed Platforms.Build.0 = Release|Win32
		{5845DBB6-241E-4B00-B5B9-E811BEE50ED3}.Release|Win32.ActiveCfg = Release|Win32
		{5845DBB6-241E-4B00-B5B9-E811BEE50ED3}.Release|Win32.Build.0 = Release|Win32
		{5845DBB6-241E-4B00-B5B9-E811BEE50ED3}.Release|x64.ActiveCfg = Release|x64
		{5845DBB6-241E-4B00-B5B9-E811BEE50ED3}.Release|x64.Build.0 = Release|x64
		{5845DBB6-241E-4B00-B5B9-E811BEE50ED3}.Release|x86.ActiveCfg = Release|Win32
		{5845DBB6-241E-4B00-B5B9-E811BEE50ED3}.Release|x86.Build.0 = Release|Win32
		{CCA03728-4FF6-4286-9ACE-E3FDE7BA8EA5}.Debug|ARM.ActiveCfg = Debug|ARM
		{CCA03728-4FF6-4286-9ACE-E3FDE7BA8EA5}.Debug|ARM.Build.0 = Debug|ARM
		{CCA03728-4FF6-4286-9ACE-E3FDE7BA8EA5}.Debug|ARM.Deploy.0 = Debug|ARM
		{CCA03728-4FF6-4286-9ACE-E3FDE7BA8EA5}.Debug|Mixed Platforms.ActiveCfg = Debug|x86
		{CCA03728-4FF6-4286-9ACE-E3FDE7BA8EA5}.Debug|Mixed Platforms.Build.0 = Debug|x86
		{CCA03728-4FF6-4286-9ACE-E3FDE7BA8EA5}.Debug|Mixed Platforms.Deploy.0 = Debug|x86
		{CCA03728-4FF6-4286-9ACE-E3FDE7BA8EA5}.Debug|Win32.ActiveCfg = Debug|x86
		{CCA03728-4FF6-4286-9ACE-E3FDE7BA8EA5}.Debug|Win32.Build.0 = Debug|x86
		{CCA03728-4FF6-4286-9ACE-E3FDE7BA8EA5}.Debug|Win32.Deploy.0 = Debug|x86
		{CCA03728-4FF6-4286-9ACE-E3FDE7BA8EA5}.Debug|x64.ActiveCfg = Debug|x64
		{CCA03728-4FF6-4286-9ACE-E3FDE7BA8EA5}.Debug|x64.Build.0 = Debug|x64
		{CCA03728-4FF6-4286-9ACE-E3FDE7BA8EA5}.Debug|x64.Deploy.0 = Debug|x64
		{CCA03728-4FF6-4286-9ACE-E3FDE7BA8EA5}.Debug|x86.ActiveCfg = Debug|x86
		{CCA03728-4FF6-4286-9ACE-E3FDE7BA8EA5}.Debug|x86.Build.0 = Debug|x86
		{CCA03728-4FF6-4286-9ACE-E3FDE7BA8EA5}.Debug|x86.Deploy.0 = Debug|x86
		{CCA03728-4FF6-4286-9ACE-E3FDE7BA8EA5}.Release|ARM.ActiveCfg = Release|ARM
		{CCA03728-4FF6-4286-9ACE-E3FDE7BA8EA5}.Release|ARM.Build.0 = Release|ARM
		{CCA03728-4FF6-4286-9ACE-E3FDE7BA8EA5}.Release|ARM.Deploy.0 = Release|ARM
		{CCA03728-4FF6-4286-9ACE-E3FDE7BA8EA5}.Release|Mixed Platforms.ActiveCfg = Release|x86
		{CCA03728-4FF6-4286-9ACE-E3FDE7BA8EA5}.Release|Mixed Platforms.Build.0 = Release|x86
		{CCA03728-4FF6-4286-9ACE-E3FDE7BA8EA5}.Release|Mixed Platforms.Deploy.0 = Release|x86
		{CCA03728-4FF6-4286-9ACE-E3FDE7BA8EA5}.Release|Win32.ActiveCfg = Release|x86
		{CCA03728-4FF6-4286-9ACE-E3FDE7BA8EA5}.Release|Win32.Build.0 = Release|x86
		{CCA03728-4FF6-4286-9ACE-E3FDE7BA8EA5}.Release|Win32.Deploy.0 = Release|x86
		{CCA03728-4FF6-4286-9ACE-E3FDE7BA8EA5}.Release|x64.ActiveCfg = Release|x64
		{CCA03728-4FF6-4286-9ACE-E3FDE7BA8EA5}.Release|x64.Build.0 = Release|x64
		{CCA03728-4FF6-4286-9ACE-E3FDE7BA8EA5}.Release|x64.Deploy.0 = Release|x64
		{CCA03728-4FF6-4286-9ACE-E3FDE7BA8EA5}.Release|x86.ActiveCfg = Release|x86
		{CCA03728-4FF6-4286-9ACE-E3FDE7BA8EA5}.Release|x86.Build.0 = Release|x86
		{CCA03728-4FF6-4286-9ACE-E3FDE7BA8EA5}.Release|x86.Deploy.0 = Release|x86
		{E3EFDACF-EB16-465D-B172-571DBCDB6925}.Debug|ARM.ActiveCfg = Debug|ARM
		{E3EFDACF-EB16-465D-B172-571DBCDB6925}.Debug|ARM.Build.0 = Debug|ARM
		{E3EFDACF-EB16-465D-B172-571DBCDB6925}.Debug|Mixed Platforms.ActiveCfg = Debug|Win32
		{E3EFDACF-EB16-465D-B172-571DBCDB6925}.Debug|Mixed Platforms.Build.0 = Debug|Win32
		{E3EFDACF-EB16-465D-B172-571DBCDB6925}.Debug|Win32.ActiveCfg = Debug|Win32
		{E3EFDACF-EB16-465D-B172-571DBCDB6925}.Debug|Win32.Build.0 = Debug|Win32
		{E3EFDACF-EB16-465D-B172-571DBCDB6925}.Debug|x64.ActiveCfg = Debug|x64
		{E3EFDACF-EB16-465D-B172-571DBCDB6925}.Debug|x64.Build.0 = Debug|x64
		{E3EFDACF-EB16-465D-B172-571DBCDB6925}.Debug|x86.ActiveCfg = Debug|Win32
		{E3EFDACF-EB16-465D-B172-571DBCDB6925}.Debug|x86.Build.0 = Debug|Win32
		{E3EFDACF-EB16-465D-B172-571DBCDB6925}.Release|ARM.ActiveCfg = Release|ARM
		{E3EFDACF-EB16-465D-B172-571DBCDB6925}.Release|ARM.Build.0 = Release|ARM
		{E3EFDACF-EB16-465D-B172-571DBCDB6925}.Release|Mixed Platforms.ActiveCfg = Release|Win32
		{E3EFDACF-EB16-465D-B172-571DBCDB6925}.Release|Mixed Platforms.Build.0 = Release|Win32
		{E3EFDACF-EB16-465D-B172-571DBCDB6925}.Release|Win32.ActiveCfg = Release|Win32
		{E3EFDACF-EB16-465D-B172-571DBCDB6925}.Release|Win32.Build.0 = Release|Win32
		{E3EFDACF-EB16-465D-B172-571DBCDB6925}.Release|x64.ActiveCfg = Release|x64
		{E3EFDACF-EB16-465D-B172-571DBCDB6925}.Release|x64.Build.0 = Release|x64
		{E3EFDACF-EB16-465D-B172-571DBCDB6925}.Release|x86.ActiveCfg = Release|Win32
		{E3EFDACF-EB16-465D-B172-571DBCDB6925}.Release|x86.Build.0 = Release|Win32
	EndGlobalSection
	GlobalSection(SolutionProperties) = preSolution
		HideSolutionNode = FALSE
	EndGlobalSection
EndGlobal
